
Microsoft Visual Studio Solution File, Format Version 12.00
# Visual Studio Version 16
VisualStudioVersion = 16.0.29905.134
MinimumVisualStudioVersion = 10.0.40219.1
Project("{FAE04EC0-301F-11D3-BF4B-00C04F79EFBC}") = "BlazorReportingTools", "BlazorReportingTools.csproj", "{DFC8D8F0-FBBA-41E4-9ABC-EB9E84563D08}"
EndProject
Global
	GlobalSection(SolutionConfigurationPlatforms) = preSolution
		Debug|Any CPU = Debug|Any CPU
		Release|Any CPU = Release|Any CPU
	EndGlobalSection
	GlobalSection(ProjectConfigurationPlatforms) = postSolution
		{DFC8D8F0-FBBA-41E4-9ABC-EB9E84563D08}.Debug|Any CPU.ActiveCfg = Debug|Any CPU
		{DFC8D8F0-FBBA-41E4-9ABC-EB9E84563D08}.Debug|Any CPU.Build.0 = Debug|Any CPU
		{DFC8D8F0-FBBA-41E4-9ABC-EB9E84563D08}.Release|Any CPU.ActiveCfg = Release|Any CPU
		{DFC8D8F0-FBBA-41E4-9ABC-EB9E84563D08}.Release|Any CPU.Build.0 = Release|Any CPU
	EndGlobalSection
	GlobalSection(SolutionProperties) = preSolution
		HideSolutionNode = FALSE
	EndGlobalSection
	GlobalSection(ExtensibilityGlobals) = postSolution
		SolutionGuid = {1B52639D-E532-4830-904E-0C33B40BFC3E}
	EndGlobalSection
EndGlobal
